
Microsoft Visual Studio Solution File, Format Version 12.00
Project("{FAE04EC0-301F-11D3-BF4B-00C04F79EFBC}") = "Web", "Web\Web.csproj", "{ECFA8056-BE4A-4E09-BC84-12B3243422ED}"
EndProject
Project("{2150E333-8FDC-42A3-9474-1A3956D46DE8}") = "tests", "tests", "{5AD7F663-7A58-4E23-A2C1-F74986FA1AC7}"
EndProject
Project("{FAE04EC0-301F-11D3-BF4B-00C04F79EFBC}") = "ComponentsTests", "ComponentsTests\ComponentsTests.csproj", "{5B9B661E-E3C3-4C14-ADBD-D6E160C4E01F}"
EndProject
Project("{2150E333-8FDC-42A3-9474-1A3956D46DE8}") = "src", "src", "{3D713BD2-7A12-4AE4-B2DE-A3F72F47422C}"
EndProject
Project("{FAE04EC0-301F-11D3-BF4B-00C04F79EFBC}") = "Services", "Services\Services.csproj", "{0C8AC9D7-64A3-4BE5-ADC9-2685AB170EEF}"
EndProject
Project("{FAE04EC0-301F-11D3-BF4B-00C04F79EFBC}") = "BlazorApp", "BlazorApp\BlazorApp.csproj", "{CF461BC4-AEAA-45CB-A763-6DEFC683B5A4}"
EndProject
Global
	GlobalSection(SolutionConfigurationPlatforms) = preSolution
		Debug|Any CPU = Debug|Any CPU
		Release|Any CPU = Release|Any CPU
	EndGlobalSection
	GlobalSection(ProjectConfigurationPlatforms) = postSolution
		{ECFA8056-BE4A-4E09-BC84-12B3243422ED}.Debug|Any CPU.ActiveCfg = Debug|Any CPU
		{ECFA8056-BE4A-4E09-BC84-12B3243422ED}.Debug|Any CPU.Build.0 = Debug|Any CPU
		{ECFA8056-BE4A-4E09-BC84-12B3243422ED}.Release|Any CPU.ActiveCfg = Release|Any CPU
		{ECFA8056-BE4A-4E09-BC84-12B3243422ED}.Release|Any CPU.Build.0 = Release|Any CPU
		{5B9B661E-E3C3-4C14-ADBD-D6E160C4E01F}.Debug|Any CPU.ActiveCfg = Debug|Any CPU
		{5B9B661E-E3C3-4C14-ADBD-D6E160C4E01F}.Debug|Any CPU.Build.0 = Debug|Any CPU
		{5B9B661E-E3C3-4C14-ADBD-D6E160C4E01F}.Release|Any CPU.ActiveCfg = Release|Any CPU
		{5B9B661E-E3C3-4C14-ADBD-D6E160C4E01F}.Release|Any CPU.Build.0 = Release|Any CPU
		{0C8AC9D7-64A3-4BE5-ADC9-2685AB170EEF}.Debug|Any CPU.ActiveCfg = Debug|Any CPU
		{0C8AC9D7-64A3-4BE5-ADC9-2685AB170EEF}.Debug|Any CPU.Build.0 = Debug|Any CPU
		{0C8AC9D7-64A3-4BE5-ADC9-2685AB170EEF}.Release|Any CPU.ActiveCfg = Release|Any CPU
		{0C8AC9D7-64A3-4BE5-ADC9-2685AB170EEF}.Release|Any CPU.Build.0 = Release|Any CPU
		{CF461BC4-AEAA-45CB-A763-6DEFC683B5A4}.Debug|Any CPU.ActiveCfg = Debug|Any CPU
		{CF461BC4-AEAA-45CB-A763-6DEFC683B5A4}.Debug|Any CPU.Build.0 = Debug|Any CPU
		{CF461BC4-AEAA-45CB-A763-6DEFC683B5A4}.Release|Any CPU.ActiveCfg = Release|Any CPU
		{CF461BC4-AEAA-45CB-A763-6DEFC683B5A4}.Release|Any CPU.Build.0 = Release|Any CPU
	EndGlobalSection
	GlobalSection(NestedProjects) = preSolution
		{5B9B661E-E3C3-4C14-ADBD-D6E160C4E01F} = {5AD7F663-7A58-4E23-A2C1-F74986FA1AC7}
		{ECFA8056-BE4A-4E09-BC84-12B3243422ED} = {3D713BD2-7A12-4AE4-B2DE-A3F72F47422C}
		{0C8AC9D7-64A3-4BE5-ADC9-2685AB170EEF} = {3D713BD2-7A12-4AE4-B2DE-A3F72F47422C}
		{CF461BC4-AEAA-45CB-A763-6DEFC683B5A4} = {3D713BD2-7A12-4AE4-B2DE-A3F72F47422C}
	EndGlobalSection
EndGlobal
